{
  "version": 4,
  "terraform_version": "1.10.2",
  "serial": 25,
  "lineage": "9c485599-29dc-9416-dd17-168df5c0cd97",
  "outputs": {},
  "resources": [
    {
      "module": "module.app_gateway",
      "mode": "managed",
      "type": "azurerm_application_gateway",
      "name": "app_gateway",
      "provider": "provider[\"registry.terraform.io/hashicorp/azurerm\"]",
      "instances": [
        {
          "schema_version": 0,
          "attributes": {
            "authentication_certificate": [],
            "autoscale_configuration": [],
            "backend_address_pool": [
              {
                "fqdns": [
                  "cc-web-app-93jna2ju.azurewebsites.net"
                ],
                "id": "/subscriptions/ecce6efe-e866-4fa6-9ff2-20f9bffc1f3f/resourceGroups/cc_rg/providers/Microsoft.Network/applicationGateways/cc-gateway/backendAddressPools/cc-gateway-back-addr-pool",
                "ip_addresses": [],
                "name": "cc-gateway-back-addr-pool"
              }
            ],
            "backend_http_settings": [
              {
                "affinity_cookie_name": "",
                "authentication_certificate": [],
                "connection_draining": [],
                "cookie_based_affinity": "Disabled",
                "host_name": "",
                "id": "/subscriptions/ecce6efe-e866-4fa6-9ff2-20f9bffc1f3f/resourceGroups/cc_rg/providers/Microsoft.Network/applicationGateways/cc-gateway/backendHttpSettingsCollection/cc-gateway-back-http-settings",
                "name": "cc-gateway-back-http-settings",
                "path": "/",
                "pick_host_name_from_backend_address": false,
                "port": 80,
                "probe_id": "",
                "probe_name": "",
                "protocol": "Http",
                "request_timeout": 5,
                "trusted_root_certificate_names": []
              }
            ],
            "custom_error_configuration": [],
            "enable_http2": false,
            "fips_enabled": false,
            "firewall_policy_id": "",
            "force_firewall_policy_association": false,
            "frontend_ip_configuration": [
              {
                "id": "/subscriptions/ecce6efe-e866-4fa6-9ff2-20f9bffc1f3f/resourceGroups/cc_rg/providers/Microsoft.Network/applicationGateways/cc-gateway/frontendIPConfigurations/cc-gateway-front-ip-config",
                "name": "cc-gateway-front-ip-config",
                "private_ip_address": "",
                "private_ip_address_allocation": "Dynamic",
                "private_link_configuration_id": "",
                "private_link_configuration_name": "",
                "public_ip_address_id": "/subscriptions/ecce6efe-e866-4fa6-9ff2-20f9bffc1f3f/resourceGroups/cc_rg/providers/Microsoft.Network/publicIPAddresses/public_ip",
                "subnet_id": ""
              }
            ],
            "frontend_port": [
              {
                "id": "/subscriptions/ecce6efe-e866-4fa6-9ff2-20f9bffc1f3f/resourceGroups/cc_rg/providers/Microsoft.Network/applicationGateways/cc-gateway/frontendPorts/cc-gateway-front-port",
                "name": "cc-gateway-front-port",
                "port": 80
              }
            ],
            "gateway_ip_configuration": [
              {
                "id": "/subscriptions/ecce6efe-e866-4fa6-9ff2-20f9bffc1f3f/resourceGroups/cc_rg/providers/Microsoft.Network/applicationGateways/cc-gateway/gatewayIPConfigurations/cc-gateway-back-ip-config",
                "name": "cc-gateway-back-ip-config",
                "subnet_id": "/subscriptions/ecce6efe-e866-4fa6-9ff2-20f9bffc1f3f/resourceGroups/cc_rg/providers/Microsoft.Network/virtualNetworks/cc_vnet/subnets/gateway_subnet"
              }
            ],
            "global": [],
            "http_listener": [
              {
                "custom_error_configuration": [],
                "firewall_policy_id": "",
                "frontend_ip_configuration_id": "/subscriptions/ecce6efe-e866-4fa6-9ff2-20f9bffc1f3f/resourceGroups/cc_rg/providers/Microsoft.Network/applicationGateways/cc-gateway/frontendIPConfigurations/cc-gateway-front-ip-config",
                "frontend_ip_configuration_name": "cc-gateway-front-ip-config",
                "frontend_port_id": "/subscriptions/ecce6efe-e866-4fa6-9ff2-20f9bffc1f3f/resourceGroups/cc_rg/providers/Microsoft.Network/applicationGateways/cc-gateway/frontendPorts/cc-gateway-front-port",
                "frontend_port_name": "cc-gateway-front-port",
                "host_name": "",
                "host_names": [],
                "id": "/subscriptions/ecce6efe-e866-4fa6-9ff2-20f9bffc1f3f/resourceGroups/cc_rg/providers/Microsoft.Network/applicationGateways/cc-gateway/httpListeners/cc-gateway-http-listener",
                "name": "cc-gateway-http-listener",
                "protocol": "Http",
                "require_sni": false,
                "ssl_certificate_id": "",
                "ssl_certificate_name": "",
                "ssl_profile_id": "",
                "ssl_profile_name": ""
              }
            ],
            "id": "/subscriptions/ecce6efe-e866-4fa6-9ff2-20f9bffc1f3f/resourceGroups/cc_rg/providers/Microsoft.Network/applicationGateways/cc-gateway",
            "identity": [],
            "location": "francecentral",
            "name": "cc-gateway",
            "private_endpoint_connection": [],
            "private_link_configuration": [],
            "probe": [],
            "redirect_configuration": [],
            "request_routing_rule": [
              {
                "backend_address_pool_id": "/subscriptions/ecce6efe-e866-4fa6-9ff2-20f9bffc1f3f/resourceGroups/cc_rg/providers/Microsoft.Network/applicationGateways/cc-gateway/backendAddressPools/cc-gateway-back-addr-pool",
                "backend_address_pool_name": "cc-gateway-back-addr-pool",
                "backend_http_settings_id": "/subscriptions/ecce6efe-e866-4fa6-9ff2-20f9bffc1f3f/resourceGroups/cc_rg/providers/Microsoft.Network/applicationGateways/cc-gateway/backendHttpSettingsCollection/cc-gateway-back-http-settings",
                "backend_http_settings_name": "cc-gateway-back-http-settings",
                "http_listener_id": "/subscriptions/ecce6efe-e866-4fa6-9ff2-20f9bffc1f3f/resourceGroups/cc_rg/providers/Microsoft.Network/applicationGateways/cc-gateway/httpListeners/cc-gateway-http-listener",
                "http_listener_name": "cc-gateway-http-listener",
                "id": "/subscriptions/ecce6efe-e866-4fa6-9ff2-20f9bffc1f3f/resourceGroups/cc_rg/providers/Microsoft.Network/applicationGateways/cc-gateway/requestRoutingRules/cc-gateway-routing-rule",
                "name": "cc-gateway-routing-rule",
                "priority": 9,
                "redirect_configuration_id": "",
                "redirect_configuration_name": "",
                "rewrite_rule_set_id": "",
                "rewrite_rule_set_name": "",
                "rule_type": "Basic",
                "url_path_map_id": "",
                "url_path_map_name": ""
              }
            ],
            "resource_group_name": "cc_rg",
            "rewrite_rule_set": [],
            "sku": [
              {
                "capacity": 2,
                "name": "Standard_v2",
                "tier": "Standard_v2"
              }
            ],
            "ssl_certificate": [],
            "ssl_policy": [
              {
                "cipher_suites": [],
                "disabled_protocols": [],
                "min_protocol_version": "",
                "policy_name": "AppGwSslPolicy20220101",
                "policy_type": "Predefined"
              }
            ],
            "ssl_profile": [],
            "tags": null,
            "timeouts": null,
            "trusted_client_certificate": [],
            "trusted_root_certificate": [],
            "url_path_map": [],
            "waf_configuration": [],
            "zones": null
          },
          "sensitive_attributes": [],
          "private": "eyJlMmJmYjczMC1lY2FhLTExZTYtOGY4OC0zNDM2M2JjN2M0YzAiOnsiY3JlYXRlIjo1NDAwMDAwMDAwMDAwLCJkZWxldGUiOjU0MDAwMDAwMDAwMDAsInJlYWQiOjMwMDAwMDAwMDAwMCwidXBkYXRlIjo1NDAwMDAwMDAwMDAwfX0=",
          "dependencies": [
            "module.app_gateway.azurerm_public_ip.public_ip",
            "module.app_service.azurerm_linux_web_app.app_service",
            "module.app_service.azurerm_service_plan.api_plan",
            "module.app_service.random_string.random_name",
            "module.blob_storage.azurerm_storage_account.storage_account",
            "module.blob_storage.azurerm_storage_container.storage_container",
            "module.blob_storage.random_string.random_name",
            "module.postgresql.azurerm_postgresql_flexible_server.postgresql",
            "module.postgresql.azurerm_postgresql_flexible_server_database.database",
            "module.postgresql.azurerm_postgresql_flexible_server_firewall_rule.allow_webapp",
            "module.postgresql.azurerm_private_dns_zone.cpi_dns",
            "module.postgresql.azurerm_private_dns_zone_virtual_network_link.dns_private_link",
            "module.postgresql.random_string.random_name",
            "module.resource_group.azurerm_resource_group.resource_group",
            "module.vnet.azurerm_network_security_group.db_nsg",
            "module.vnet.azurerm_network_security_group.webapp_nsg",
            "module.vnet.azurerm_subnet.subnets",
            "module.vnet.azurerm_virtual_network.vnet"
          ]
        }
      ]
    },
    {
      "module": "module.app_gateway",
      "mode": "managed",
      "type": "azurerm_public_ip",
      "name": "public_ip",
      "provider": "provider[\"registry.terraform.io/hashicorp/azurerm\"]",
      "instances": [
        {
          "schema_version": 0,
          "attributes": {
            "allocation_method": "Static",
            "ddos_protection_mode": "VirtualNetworkInherited",
            "ddos_protection_plan_id": null,
            "domain_name_label": null,
            "domain_name_label_scope": null,
            "edge_zone": "",
            "fqdn": null,
            "id": "/subscriptions/ecce6efe-e866-4fa6-9ff2-20f9bffc1f3f/resourceGroups/cc_rg/providers/Microsoft.Network/publicIPAddresses/public_ip",
            "idle_timeout_in_minutes": 4,
            "ip_address": "4.251.119.242",
            "ip_tags": null,
            "ip_version": "IPv4",
            "location": "francecentral",
            "name": "public_ip",
            "public_ip_prefix_id": null,
            "resource_group_name": "cc_rg",
            "reverse_fqdn": null,
            "sku": "Standard",
            "sku_tier": "Regional",
            "tags": null,
            "timeouts": null,
            "zones": null
          },
          "sensitive_attributes": [],
          "private": "eyJlMmJmYjczMC1lY2FhLTExZTYtOGY4OC0zNDM2M2JjN2M0YzAiOnsiY3JlYXRlIjoxODAwMDAwMDAwMDAwLCJkZWxldGUiOjE4MDAwMDAwMDAwMDAsInJlYWQiOjMwMDAwMDAwMDAwMCwidXBkYXRlIjoxODAwMDAwMDAwMDAwfX0=",
          "dependencies": [
            "module.resource_group.azurerm_resource_group.resource_group",
            "module.vnet.azurerm_network_security_group.db_nsg",
            "module.vnet.azurerm_network_security_group.webapp_nsg",
            "module.vnet.azurerm_subnet.subnets",
            "module.vnet.azurerm_virtual_network.vnet"
          ]
        }
      ]
    },
    {
      "module": "module.app_service",
      "mode": "managed",
      "type": "azurerm_linux_web_app",
      "name": "app_service",
      "provider": "provider[\"registry.terraform.io/hashicorp/azurerm\"]",
      "instances": [
        {
          "schema_version": 1,
          "attributes": {
            "app_settings": {
              "DATABASE_HOST": "cc-postgresql-xkyztsk9.postgres.database.azure.com",
              "DATABASE_NAME": "cc-database",
              "DATABASE_PASSWORD": "MySuperSecurePassword123!",
              "DATABASE_PORT": "5432",
              "DATABASE_USER": "postgres",
              "STORAGE_ACCOUNT_URL": "https://cpistoraccstsyjpa1.blob.core.windows.net/",
              "STORAGE_CONTAINER_NAME": "api"
            },
            "auth_settings": [],
            "auth_settings_v2": [],
            "backup": [],
            "client_affinity_enabled": false,
            "client_certificate_enabled": false,
            "client_certificate_exclusion_paths": "",
            "client_certificate_mode": "Required",
            "connection_string": [],
            "custom_domain_verification_id": "45DD5B8CE66E3BCDDB1083AB157F5351DFCADB0A28C4330D09BC5EEA38EAA7C0",
            "default_hostname": "cc-web-app-93jna2ju.azurewebsites.net",
            "enabled": true,
            "ftp_publish_basic_authentication_enabled": true,
            "hosting_environment_id": "",
            "https_only": false,
            "id": "/subscriptions/ecce6efe-e866-4fa6-9ff2-20f9bffc1f3f/resourceGroups/cc_rg/providers/Microsoft.Web/sites/CC-Web-App-93jna2ju",
            "identity": [
              {
                "identity_ids": null,
                "principal_id": "f7305ae2-f6b1-4baf-8cdb-20fbd56e71ab",
                "tenant_id": "19e51c11-d919-4a98-899d-9b9dc33f4e04",
                "type": "SystemAssigned"
              }
            ],
            "key_vault_reference_identity_id": "SystemAssigned",
            "kind": "app,linux,container",
            "location": "francecentral",
            "logs": [],
            "name": "CC-Web-App-93jna2ju",
            "outbound_ip_address_list": [
              "20.74.98.94",
              "20.74.99.185",
              "20.74.103.51",
              "20.199.57.213",
              "20.199.58.89",
              "20.199.58.126",
              "20.111.1.11"
            ],
            "outbound_ip_addresses": "20.74.98.94,20.74.99.185,20.74.103.51,20.199.57.213,20.199.58.89,20.199.58.126,20.111.1.11",
            "possible_outbound_ip_address_list": [
              "20.74.98.94",
              "20.74.99.185",
              "20.74.103.51",
              "20.199.57.213",
              "20.199.58.89",
              "20.199.58.126",
              "20.199.57.232",
              "20.199.58.168",
              "20.199.59.28",
              "20.199.59.61",
              "20.199.58.59",
              "20.199.59.119",
              "20.199.59.143",
              "20.199.59.181",
              "20.199.59.213",
              "20.199.59.232",
              "20.199.60.91",
              "20.199.60.96",
              "51.138.218.218",
              "20.74.100.242",
              "20.199.60.102",
              "20.199.59.124",
              "20.199.59.252",
              "20.199.59.125",
              "20.111.1.11"
            ],
            "possible_outbound_ip_addresses": "20.74.98.94,20.74.99.185,20.74.103.51,20.199.57.213,20.199.58.89,20.199.58.126,20.199.57.232,20.199.58.168,20.199.59.28,20.199.59.61,20.199.58.59,20.199.59.119,20.199.59.143,20.199.59.181,20.199.59.213,20.199.59.232,20.199.60.91,20.199.60.96,51.138.218.218,20.74.100.242,20.199.60.102,20.199.59.124,20.199.59.252,20.199.59.125,20.111.1.11",
            "public_network_access_enabled": true,
            "resource_group_name": "cc_rg",
            "service_plan_id": "/subscriptions/ecce6efe-e866-4fa6-9ff2-20f9bffc1f3f/resourceGroups/cc_rg/providers/Microsoft.Web/serverFarms/api_plan",
            "site_config": [
              {
                "always_on": true,
                "api_definition_url": "",
                "api_management_api_id": "",
                "app_command_line": "",
                "application_stack": [
                  {
                    "docker_image_name": "ghcr.io/fydxvi/cloud-computing:latest",
                    "docker_registry_password": "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",
                    "docker_registry_url": "https://ghcr.io",
                    "docker_registry_username": "williamsvr",
                    "dotnet_version": "",
                    "go_version": "",
                    "java_server": "",
                    "java_server_version": "",
                    "java_version": "",
                    "node_version": "",
                    "php_version": "",
                    "python_version": "",
                    "ruby_version": ""
                  }
                ],
                "auto_heal_setting": [],
                "container_registry_managed_identity_client_id": "",
                "container_registry_use_managed_identity": false,
                "cors": [],
                "default_documents": [
                  "Default.htm",
                  "Default.html",
                  "Default.asp",
                  "index.htm",
                  "index.html",
                  "iisstart.htm",
                  "default.aspx",
                  "index.php",
                  "hostingstart.html"
                ],
                "detailed_error_logging_enabled": false,
                "ftps_state": "Disabled",
                "health_check_eviction_time_in_min": 0,
                "health_check_path": "",
                "http2_enabled": false,
                "ip_restriction": [],
                "ip_restriction_default_action": "Allow",
                "linux_fx_version": "DOCKER|ghcr.io/ghcr.io/fydxvi/cloud-computing:latest",
                "load_balancing_mode": "LeastRequests",
                "local_mysql_enabled": false,
                "managed_pipeline_mode": "Integrated",
                "minimum_tls_version": "1.2",
                "remote_debugging_enabled": false,
                "remote_debugging_version": "VS2022",
                "scm_ip_restriction": [],
                "scm_ip_restriction_default_action": "Allow",
                "scm_minimum_tls_version": "1.2",
                "scm_type": "None",
                "scm_use_main_ip_restriction": false,
                "use_32_bit_worker": true,
                "vnet_route_all_enabled": false,
                "websockets_enabled": false,
                "worker_count": 1
              }
            ],
            "site_credential": [
              {
                "name": "$CC-Web-App-93jna2ju",
                "password": "hb8AoTrZCvohiHw8p687nolG1mjoYFZKGoEoM8XsWQZMFc8Pdp9jqdPfW6ov"
              }
            ],
            "sticky_settings": [],
            "storage_account": [],
            "tags": null,
            "timeouts": null,
            "virtual_network_subnet_id": "/subscriptions/ecce6efe-e866-4fa6-9ff2-20f9bffc1f3f/resourceGroups/cc_rg/providers/Microsoft.Network/virtualNetworks/cc_vnet/subnets/web_app_subnet",
            "webdeploy_publish_basic_authentication_enabled": true,
            "zip_deploy_file": ""
          },
          "sensitive_attributes": [
            [
              {
                "type": "get_attr",
                "value": "site_config"
              },
              {
                "type": "index",
                "value": {
                  "value": 0,
                  "type": "number"
                }
              },
              {
                "type": "get_attr",
                "value": "application_stack"
              },
              {
                "type": "index",
                "value": {
                  "value": 0,
                  "type": "number"
                }
              },
              {
                "type": "get_attr",
                "value": "docker_registry_password"
              }
            ],
            [
              {
                "type": "get_attr",
                "value": "site_config"
              },
              {
                "type": "index",
                "value": {
                  "value": 0,
                  "type": "number"
                }
              },
              {
                "type": "get_attr",
                "value": "application_stack"
              },
              {
                "type": "index",
                "value": {
                  "value": 0,
                  "type": "number"
                }
              },
              {
                "type": "get_attr",
                "value": "docker_registry_username"
              }
            ],
            [
              {
                "type": "get_attr",
                "value": "custom_domain_verification_id"
              }
            ],
            [
              {
                "type": "get_attr",
                "value": "app_settings"
              },
              {
                "type": "index",
                "value": {
                  "value": "DATABASE_PASSWORD",
                  "type": "string"
                }
              }
            ],
            [
              {
                "type": "get_attr",
                "value": "site_credential"
              }
            ]
          ],
          "private": "eyJlMmJmYjczMC1lY2FhLTExZTYtOGY4OC0zNDM2M2JjN2M0YzAiOnsiY3JlYXRlIjoxODAwMDAwMDAwMDAwLCJkZWxldGUiOjE4MDAwMDAwMDAwMDAsInJlYWQiOjMwMDAwMDAwMDAwMCwidXBkYXRlIjoxODAwMDAwMDAwMDAwfSwic2NoZW1hX3ZlcnNpb24iOiIxIn0=",
          "dependencies": [
            "module.app_service.azurerm_service_plan.api_plan",
            "module.app_service.random_string.random_name",
            "module.blob_storage.azurerm_storage_account.storage_account",
            "module.blob_storage.azurerm_storage_container.storage_container",
            "module.blob_storage.random_string.random_name",
            "module.postgresql.azurerm_postgresql_flexible_server.postgresql",
            "module.postgresql.azurerm_postgresql_flexible_server_database.database",
            "module.postgresql.azurerm_postgresql_flexible_server_firewall_rule.allow_webapp",
            "module.postgresql.azurerm_private_dns_zone.cpi_dns",
            "module.postgresql.azurerm_private_dns_zone_virtual_network_link.dns_private_link",
            "module.postgresql.random_string.random_name",
            "module.resource_group.azurerm_resource_group.resource_group",
            "module.vnet.azurerm_network_security_group.db_nsg",
            "module.vnet.azurerm_network_security_group.webapp_nsg",
            "module.vnet.azurerm_subnet.subnets",
            "module.vnet.azurerm_virtual_network.vnet"
          ]
        }
      ]
    },
    {
      "module": "module.app_service",
      "mode": "managed",
      "type": "azurerm_role_assignment",
      "name": "app_service_storage_access",
      "provider": "provider[\"registry.terraform.io/hashicorp/azurerm\"]",
      "instances": [
        {
          "schema_version": 0,
          "attributes": {
            "condition": "",
            "condition_version": "",
            "delegated_managed_identity_resource_id": "",
            "description": "",
            "id": "/subscriptions/ecce6efe-e866-4fa6-9ff2-20f9bffc1f3f/resourceGroups/cc_rg/providers/Microsoft.Storage/storageAccounts/cpistoraccstsyjpa1/providers/Microsoft.Authorization/roleAssignments/9914fdaa-7a57-e636-4fd9-0367c4029123",
            "name": "9914fdaa-7a57-e636-4fd9-0367c4029123",
            "principal_id": "f7305ae2-f6b1-4baf-8cdb-20fbd56e71ab",
            "principal_type": "ServicePrincipal",
            "role_definition_id": "/subscriptions/ecce6efe-e866-4fa6-9ff2-20f9bffc1f3f/providers/Microsoft.Authorization/roleDefinitions/ba92f5b4-2d11-453d-a403-e96b0029c9fe",
            "role_definition_name": "Storage Blob Data Contributor",
            "scope": "/subscriptions/ecce6efe-e866-4fa6-9ff2-20f9bffc1f3f/resourceGroups/cc_rg/providers/Microsoft.Storage/storageAccounts/cpistoraccstsyjpa1",
            "skip_service_principal_aad_check": null,
            "timeouts": null
          },
          "sensitive_attributes": [],
          "private": "eyJlMmJmYjczMC1lY2FhLTExZTYtOGY4OC0zNDM2M2JjN2M0YzAiOnsiY3JlYXRlIjoxODAwMDAwMDAwMDAwLCJkZWxldGUiOjE4MDAwMDAwMDAwMDAsInJlYWQiOjMwMDAwMDAwMDAwMH19",
          "dependencies": [
            "module.app_service.azurerm_linux_web_app.app_service",
            "module.app_service.azurerm_service_plan.api_plan",
            "module.app_service.random_string.random_name",
            "module.blob_storage.azurerm_storage_account.storage_account",
            "module.blob_storage.azurerm_storage_container.storage_container",
            "module.blob_storage.random_string.random_name",
            "module.postgresql.azurerm_postgresql_flexible_server.postgresql",
            "module.postgresql.azurerm_postgresql_flexible_server_database.database",
            "module.postgresql.azurerm_postgresql_flexible_server_firewall_rule.allow_webapp",
            "module.postgresql.azurerm_private_dns_zone.cpi_dns",
            "module.postgresql.azurerm_private_dns_zone_virtual_network_link.dns_private_link",
            "module.postgresql.random_string.random_name",
            "module.resource_group.azurerm_resource_group.resource_group",
            "module.vnet.azurerm_network_security_group.db_nsg",
            "module.vnet.azurerm_network_security_group.webapp_nsg",
            "module.vnet.azurerm_subnet.subnets",
            "module.vnet.azurerm_virtual_network.vnet"
          ]
        }
      ]
    },
    {
      "module": "module.app_service",
      "mode": "managed",
      "type": "azurerm_service_plan",
      "name": "api_plan",
      "provider": "provider[\"registry.terraform.io/hashicorp/azurerm\"]",
      "instances": [
        {
          "schema_version": 1,
          "attributes": {
            "app_service_environment_id": "",
            "id": "/subscriptions/ecce6efe-e866-4fa6-9ff2-20f9bffc1f3f/resourceGroups/cc_rg/providers/Microsoft.Web/serverFarms/api_plan",
            "kind": "linux",
            "location": "francecentral",
            "maximum_elastic_worker_count": 1,
            "name": "api_plan",
            "os_type": "Linux",
            "per_site_scaling_enabled": false,
            "reserved": true,
            "resource_group_name": "cc_rg",
            "sku_name": "B1",
            "tags": null,
            "timeouts": null,
            "worker_count": 1,
            "zone_balancing_enabled": false
          },
          "sensitive_attributes": [],
          "private": "eyJlMmJmYjczMC1lY2FhLTExZTYtOGY4OC0zNDM2M2JjN2M0YzAiOnsiY3JlYXRlIjozNjAwMDAwMDAwMDAwLCJkZWxldGUiOjM2MDAwMDAwMDAwMDAsInJlYWQiOjMwMDAwMDAwMDAwMCwidXBkYXRlIjozNjAwMDAwMDAwMDAwfSwic2NoZW1hX3ZlcnNpb24iOiIxIn0=",
          "dependencies": [
            "module.postgresql.azurerm_postgresql_flexible_server.postgresql",
            "module.postgresql.azurerm_postgresql_flexible_server_database.database",
            "module.postgresql.azurerm_postgresql_flexible_server_firewall_rule.allow_webapp",
            "module.postgresql.azurerm_private_dns_zone.cpi_dns",
            "module.postgresql.azurerm_private_dns_zone_virtual_network_link.dns_private_link",
            "module.postgresql.random_string.random_name",
            "module.resource_group.azurerm_resource_group.resource_group",
            "module.vnet.azurerm_network_security_group.db_nsg",
            "module.vnet.azurerm_network_security_group.webapp_nsg",
            "module.vnet.azurerm_subnet.subnets",
            "module.vnet.azurerm_virtual_network.vnet"
          ]
        }
      ]
    },
    {
      "module": "module.app_service",
      "mode": "managed",
      "type": "random_string",
      "name": "random_name",
      "provider": "provider[\"registry.terraform.io/hashicorp/random\"]",
      "instances": [
        {
          "schema_version": 2,
          "attributes": {
            "id": "93jna2ju",
            "keepers": null,
            "length": 8,
            "lower": true,
            "min_lower": 0,
            "min_numeric": 0,
            "min_special": 0,
            "min_upper": 0,
            "number": true,
            "numeric": true,
            "override_special": null,
            "result": "93jna2ju",
            "special": false,
            "upper": false
          },
          "sensitive_attributes": [],
          "dependencies": [
            "module.postgresql.azurerm_postgresql_flexible_server.postgresql",
            "module.postgresql.azurerm_postgresql_flexible_server_database.database",
            "module.postgresql.azurerm_postgresql_flexible_server_firewall_rule.allow_webapp",
            "module.postgresql.azurerm_private_dns_zone.cpi_dns",
            "module.postgresql.azurerm_private_dns_zone_virtual_network_link.dns_private_link",
            "module.postgresql.random_string.random_name",
            "module.resource_group.azurerm_resource_group.resource_group",
            "module.vnet.azurerm_network_security_group.db_nsg",
            "module.vnet.azurerm_network_security_group.webapp_nsg",
            "module.vnet.azurerm_subnet.subnets",
            "module.vnet.azurerm_virtual_network.vnet"
          ]
        }
      ]
    },
    {
      "module": "module.blob_storage",
      "mode": "managed",
      "type": "azurerm_storage_account",
      "name": "storage_account",
      "provider": "provider[\"registry.terraform.io/hashicorp/azurerm\"]",
      "instances": [
        {
          "schema_version": 4,
          "attributes": {
            "access_tier": "Hot",
            "account_kind": "StorageV2",
            "account_replication_type": "LRS",
            "account_tier": "Standard",
            "allow_nested_items_to_be_public": true,
            "allowed_copy_scope": "",
            "azure_files_authentication": [],
            "blob_properties": [
              {
                "change_feed_enabled": false,
                "change_feed_retention_in_days": 0,
                "container_delete_retention_policy": [],
                "cors_rule": [],
                "default_service_version": "",
                "delete_retention_policy": [],
                "last_access_time_enabled": false,
                "restore_policy": [],
                "versioning_enabled": false
              }
            ],
            "cross_tenant_replication_enabled": false,
            "custom_domain": [],
            "customer_managed_key": [],
            "default_to_oauth_authentication": false,
            "dns_endpoint_type": "Standard",
            "edge_zone": "",
            "https_traffic_only_enabled": true,
            "id": "/subscriptions/ecce6efe-e866-4fa6-9ff2-20f9bffc1f3f/resourceGroups/cc_rg/providers/Microsoft.Storage/storageAccounts/cpistoraccstsyjpa1",
            "identity": [],
            "immutability_policy": [],
            "infrastructure_encryption_enabled": false,
            "is_hns_enabled": false,
            "large_file_share_enabled": false,
            "local_user_enabled": true,
            "location": "francecentral",
            "min_tls_version": "TLS1_2",
            "name": "cpistoraccstsyjpa1",
            "network_rules": [
              {
                "bypass": [
                  "AzureServices"
                ],
                "default_action": "Allow",
                "ip_rules": [],
                "private_link_access": [],
                "virtual_network_subnet_ids": [
                  "/subscriptions/ecce6efe-e866-4fa6-9ff2-20f9bffc1f3f/resourceGroups/cc_rg/providers/Microsoft.Network/virtualNetworks/cc_vnet/subnets/blob_subnet"
                ]
              }
            ],
            "nfsv3_enabled": false,
            "primary_access_key": "spyNSEtjYJhJhCreJcBl5ZBLzCZKe2d64OG5gTwmSo6Isi95i1hiubJYxKButKb0HTYzeUtGJqNN+AStbKnVrw==",
            "primary_blob_connection_string": "DefaultEndpointsProtocol=https;BlobEndpoint=https://cpistoraccstsyjpa1.blob.core.windows.net/;AccountName=cpistoraccstsyjpa1;AccountKey=spyNSEtjYJhJhCreJcBl5ZBLzCZKe2d64OG5gTwmSo6Isi95i1hiubJYxKButKb0HTYzeUtGJqNN+AStbKnVrw==",
            "primary_blob_endpoint": "https://cpistoraccstsyjpa1.blob.core.windows.net/",
            "primary_blob_host": "cpistoraccstsyjpa1.blob.core.windows.net",
            "primary_blob_internet_endpoint": "",
            "primary_blob_internet_host": "",
            "primary_blob_microsoft_endpoint": "",
            "primary_blob_microsoft_host": "",
            "primary_connection_string": "DefaultEndpointsProtocol=https;AccountName=cpistoraccstsyjpa1;AccountKey=spyNSEtjYJhJhCreJcBl5ZBLzCZKe2d64OG5gTwmSo6Isi95i1hiubJYxKButKb0HTYzeUtGJqNN+AStbKnVrw==;EndpointSuffix=core.windows.net",
            "primary_dfs_endpoint": "https://cpistoraccstsyjpa1.dfs.core.windows.net/",
            "primary_dfs_host": "cpistoraccstsyjpa1.dfs.core.windows.net",
            "primary_dfs_internet_endpoint": "",
            "primary_dfs_internet_host": "",
            "primary_dfs_microsoft_endpoint": "",
            "primary_dfs_microsoft_host": "",
            "primary_file_endpoint": "https://cpistoraccstsyjpa1.file.core.windows.net/",
            "primary_file_host": "cpistoraccstsyjpa1.file.core.windows.net",
            "primary_file_internet_endpoint": "",
            "primary_file_internet_host": "",
            "primary_file_microsoft_endpoint": "",
            "primary_file_microsoft_host": "",
            "primary_location": "francecentral",
            "primary_queue_endpoint": "https://cpistoraccstsyjpa1.queue.core.windows.net/",
            "primary_queue_host": "cpistoraccstsyjpa1.queue.core.windows.net",
            "primary_queue_microsoft_endpoint": "",
            "primary_queue_microsoft_host": "",
            "primary_table_endpoint": "https://cpistoraccstsyjpa1.table.core.windows.net/",
            "primary_table_host": "cpistoraccstsyjpa1.table.core.windows.net",
            "primary_table_microsoft_endpoint": "",
            "primary_table_microsoft_host": "",
            "primary_web_endpoint": "https://cpistoraccstsyjpa1.z28.web.core.windows.net/",
            "primary_web_host": "cpistoraccstsyjpa1.z28.web.core.windows.net",
            "primary_web_internet_endpoint": "",
            "primary_web_internet_host": "",
            "primary_web_microsoft_endpoint": "",
            "primary_web_microsoft_host": "",
            "public_network_access_enabled": true,
            "queue_encryption_key_type": "Service",
            "queue_properties": [
              {
                "cors_rule": [],
                "hour_metrics": [
                  {
                    "enabled": true,
                    "include_apis": true,
                    "retention_policy_days": 7,
                    "version": "1.0"
                  }
                ],
                "logging": [
                  {
                    "delete": false,
                    "read": false,
                    "retention_policy_days": 0,
                    "version": "1.0",
                    "write": false
                  }
                ],
                "minute_metrics": [
                  {
                    "enabled": false,
                    "include_apis": false,
                    "retention_policy_days": 0,
                    "version": "1.0"
                  }
                ]
              }
            ],
            "resource_group_name": "cc_rg",
            "routing": [],
            "sas_policy": [],
            "secondary_access_key": "qZF/r1A5nSa8Eyu2/Od+krfVmJcqVQf7VAOsa9zKkt5OzNmEAv53NriQCe/z02007mZ+hjag3f0q+AStRwEmbg==",
            "secondary_blob_connection_string": "",
            "secondary_blob_endpoint": "",
            "secondary_blob_host": "",
            "secondary_blob_internet_endpoint": "",
            "secondary_blob_internet_host": "",
            "secondary_blob_microsoft_endpoint": "",
            "secondary_blob_microsoft_host": "",
            "secondary_connection_string": "DefaultEndpointsProtocol=https;AccountName=cpistoraccstsyjpa1;AccountKey=qZF/r1A5nSa8Eyu2/Od+krfVmJcqVQf7VAOsa9zKkt5OzNmEAv53NriQCe/z02007mZ+hjag3f0q+AStRwEmbg==;EndpointSuffix=core.windows.net",
            "secondary_dfs_endpoint": "",
            "secondary_dfs_host": "",
            "secondary_dfs_internet_endpoint": "",
            "secondary_dfs_internet_host": "",
            "secondary_dfs_microsoft_endpoint": "",
            "secondary_dfs_microsoft_host": "",
            "secondary_file_endpoint": "",
            "secondary_file_host": "",
            "secondary_file_internet_endpoint": "",
            "secondary_file_internet_host": "",
            "secondary_file_microsoft_endpoint": "",
            "secondary_file_microsoft_host": "",
            "secondary_location": "",
            "secondary_queue_endpoint": "",
            "secondary_queue_host": "",
            "secondary_queue_microsoft_endpoint": "",
            "secondary_queue_microsoft_host": "",
            "secondary_table_endpoint": "",
            "secondary_table_host": "",
            "secondary_table_microsoft_endpoint": "",
            "secondary_table_microsoft_host": "",
            "secondary_web_endpoint": "",
            "secondary_web_host": "",
            "secondary_web_internet_endpoint": "",
            "secondary_web_internet_host": "",
            "secondary_web_microsoft_endpoint": "",
            "secondary_web_microsoft_host": "",
            "sftp_enabled": false,
            "share_properties": [
              {
                "cors_rule": [],
                "retention_policy": [
                  {
                    "days": 7
                  }
                ],
                "smb": []
              }
            ],
            "shared_access_key_enabled": true,
            "static_website": [],
            "table_encryption_key_type": "Service",
            "tags": null,
            "timeouts": null
          },
          "sensitive_attributes": [
            [
              {
                "type": "get_attr",
                "value": "secondary_blob_connection_string"
              }
            ],
            [
              {
                "type": "get_attr",
                "value": "primary_connection_string"
              }
            ],
            [
              {
                "type": "get_attr",
                "value": "primary_access_key"
              }
            ],
            [
              {
                "type": "get_attr",
                "value": "primary_blob_connection_string"
              }
            ],
            [
              {
                "type": "get_attr",
                "value": "secondary_access_key"
              }
            ],
            [
              {
                "type": "get_attr",
                "value": "secondary_connection_string"
              }
            ]
          ],
          "private": "eyJlMmJmYjczMC1lY2FhLTExZTYtOGY4OC0zNDM2M2JjN2M0YzAiOnsiY3JlYXRlIjozNjAwMDAwMDAwMDAwLCJkZWxldGUiOjM2MDAwMDAwMDAwMDAsInJlYWQiOjMwMDAwMDAwMDAwMCwidXBkYXRlIjozNjAwMDAwMDAwMDAwfSwic2NoZW1hX3ZlcnNpb24iOiI0In0=",
          "dependencies": [
            "module.blob_storage.random_string.random_name",
            "module.resource_group.azurerm_resource_group.resource_group",
            "module.vnet.azurerm_network_security_group.db_nsg",
            "module.vnet.azurerm_network_security_group.webapp_nsg",
            "module.vnet.azurerm_subnet.subnets",
            "module.vnet.azurerm_virtual_network.vnet"
          ]
        }
      ]
    },
    {
      "module": "module.blob_storage",
      "mode": "managed",
      "type": "azurerm_storage_blob",
      "name": "storage_blob",
      "provider": "provider[\"registry.terraform.io/hashicorp/azurerm\"]",
      "instances": [
        {
          "schema_version": 1,
          "attributes": {
            "access_tier": "Hot",
            "cache_control": "",
            "content_md5": "",
            "content_type": "application/octet-stream",
            "encryption_scope": "",
            "id": "https://cpistoraccstsyjpa1.blob.core.windows.net/api/quotes.json",
            "metadata": {},
            "name": "quotes.json",
            "parallelism": 8,
            "size": 0,
            "source": "modules/blob_storage/quotes.json",
            "source_content": null,
            "source_uri": null,
            "storage_account_name": "cpistoraccstsyjpa1",
            "storage_container_name": "api",
            "timeouts": null,
            "type": "Block",
            "url": "https://cpistoraccstsyjpa1.blob.core.windows.net/api/quotes.json"
          },
          "sensitive_attributes": [],
          "private": "eyJlMmJmYjczMC1lY2FhLTExZTYtOGY4OC0zNDM2M2JjN2M0YzAiOnsiY3JlYXRlIjoxODAwMDAwMDAwMDAwLCJkZWxldGUiOjE4MDAwMDAwMDAwMDAsInJlYWQiOjMwMDAwMDAwMDAwMCwidXBkYXRlIjoxODAwMDAwMDAwMDAwfSwic2NoZW1hX3ZlcnNpb24iOiIxIn0=",
          "dependencies": [
            "module.blob_storage.azurerm_storage_account.storage_account",
            "module.blob_storage.azurerm_storage_container.storage_container",
            "module.blob_storage.random_string.random_name",
            "module.resource_group.azurerm_resource_group.resource_group",
            "module.vnet.azurerm_network_security_group.db_nsg",
            "module.vnet.azurerm_network_security_group.webapp_nsg",
            "module.vnet.azurerm_subnet.subnets",
            "module.vnet.azurerm_virtual_network.vnet"
          ]
        }
      ]
    },
    {
      "module": "module.blob_storage",
      "mode": "managed",
      "type": "azurerm_storage_container",
      "name": "storage_container",
      "provider": "provider[\"registry.terraform.io/hashicorp/azurerm\"]",
      "instances": [
        {
          "schema_version": 1,
          "attributes": {
            "container_access_type": "private",
            "default_encryption_scope": "$account-encryption-key",
            "encryption_scope_override_enabled": true,
            "has_immutability_policy": false,
            "has_legal_hold": false,
            "id": "/subscriptions/ecce6efe-e866-4fa6-9ff2-20f9bffc1f3f/resourceGroups/cc_rg/providers/Microsoft.Storage/storageAccounts/cpistoraccstsyjpa1/blobServices/default/containers/api",
            "metadata": {},
            "name": "api",
            "resource_manager_id": "/subscriptions/ecce6efe-e866-4fa6-9ff2-20f9bffc1f3f/resourceGroups/cc_rg/providers/Microsoft.Storage/storageAccounts/cpistoraccstsyjpa1/blobServices/default/containers/api",
            "storage_account_id": "/subscriptions/ecce6efe-e866-4fa6-9ff2-20f9bffc1f3f/resourceGroups/cc_rg/providers/Microsoft.Storage/storageAccounts/cpistoraccstsyjpa1",
            "storage_account_name": null,
            "timeouts": null
          },
          "sensitive_attributes": [],
          "private": "eyJlMmJmYjczMC1lY2FhLTExZTYtOGY4OC0zNDM2M2JjN2M0YzAiOnsiY3JlYXRlIjoxODAwMDAwMDAwMDAwLCJkZWxldGUiOjE4MDAwMDAwMDAwMDAsInJlYWQiOjMwMDAwMDAwMDAwMCwidXBkYXRlIjoxODAwMDAwMDAwMDAwfSwic2NoZW1hX3ZlcnNpb24iOiIxIn0=",
          "dependencies": [
            "module.blob_storage.azurerm_storage_account.storage_account",
            "module.blob_storage.random_string.random_name",
            "module.resource_group.azurerm_resource_group.resource_group",
            "module.vnet.azurerm_network_security_group.db_nsg",
            "module.vnet.azurerm_network_security_group.webapp_nsg",
            "module.vnet.azurerm_subnet.subnets",
            "module.vnet.azurerm_virtual_network.vnet"
          ]
        }
      ]
    },
    {
      "module": "module.blob_storage",
      "mode": "managed",
      "type": "random_string",
      "name": "random_name",
      "provider": "provider[\"registry.terraform.io/hashicorp/random\"]",
      "instances": [
        {
          "schema_version": 2,
          "attributes": {
            "id": "stsyjpa1",
            "keepers": null,
            "length": 8,
            "lower": true,
            "min_lower": 0,
            "min_numeric": 0,
            "min_special": 0,
            "min_upper": 0,
            "number": true,
            "numeric": true,
            "override_special": null,
            "result": "stsyjpa1",
            "special": false,
            "upper": false
          },
          "sensitive_attributes": [],
          "dependencies": [
            "module.resource_group.azurerm_resource_group.resource_group",
            "module.vnet.azurerm_network_security_group.db_nsg",
            "module.vnet.azurerm_network_security_group.webapp_nsg",
            "module.vnet.azurerm_subnet.subnets",
            "module.vnet.azurerm_virtual_network.vnet"
          ]
        }
      ]
    },
    {
      "module": "module.postgresql",
      "mode": "managed",
      "type": "azurerm_postgresql_flexible_server",
      "name": "postgresql",
      "provider": "provider[\"registry.terraform.io/hashicorp/azurerm\"]",
      "instances": [
        {
          "schema_version": 0,
          "attributes": {
            "administrator_login": "postgres",
            "administrator_password": "MySuperSecurePassword123!",
            "authentication": [
              {
                "active_directory_auth_enabled": false,
                "password_auth_enabled": true,
                "tenant_id": ""
              }
            ],
            "auto_grow_enabled": false,
            "backup_retention_days": 7,
            "create_mode": null,
            "customer_managed_key": [],
            "delegated_subnet_id": "/subscriptions/ecce6efe-e866-4fa6-9ff2-20f9bffc1f3f/resourceGroups/cc_rg/providers/Microsoft.Network/virtualNetworks/cc_vnet/subnets/storage_subnet",
            "fqdn": "cc-postgresql-xkyztsk9.postgres.database.azure.com",
            "geo_redundant_backup_enabled": false,
            "high_availability": [],
            "id": "/subscriptions/ecce6efe-e866-4fa6-9ff2-20f9bffc1f3f/resourceGroups/cc_rg/providers/Microsoft.DBforPostgreSQL/flexibleServers/cc-postgresql-xkyztsk9",
            "identity": [],
            "location": "francecentral",
            "maintenance_window": [],
            "name": "cc-postgresql-xkyztsk9",
            "point_in_time_restore_time_in_utc": null,
            "private_dns_zone_id": "/subscriptions/ecce6efe-e866-4fa6-9ff2-20f9bffc1f3f/resourceGroups/cc_rg/providers/Microsoft.Network/privateDnsZones/cloud-cpi-domain.postgres.database.azure.com",
            "public_network_access_enabled": false,
            "replication_role": "",
            "resource_group_name": "cc_rg",
            "sku_name": "B_Standard_B1ms",
            "source_server_id": null,
            "storage_mb": 32768,
            "storage_tier": "P4",
            "tags": null,
            "timeouts": null,
            "version": "16",
            "zone": "1"
          },
          "sensitive_attributes": [
            [
              {
                "type": "get_attr",
                "value": "administrator_password"
              }
            ]
          ],
          "private": "eyJlMmJmYjczMC1lY2FhLTExZTYtOGY4OC0zNDM2M2JjN2M0YzAiOnsiY3JlYXRlIjozNjAwMDAwMDAwMDAwLCJkZWxldGUiOjM2MDAwMDAwMDAwMDAsInJlYWQiOjMwMDAwMDAwMDAwMCwidXBkYXRlIjozNjAwMDAwMDAwMDAwfX0=",
          "dependencies": [
            "module.postgresql.azurerm_private_dns_zone.cpi_dns",
            "module.postgresql.random_string.random_name",
            "module.resource_group.azurerm_resource_group.resource_group",
            "module.vnet.azurerm_network_security_group.db_nsg",
            "module.vnet.azurerm_network_security_group.webapp_nsg",
            "module.vnet.azurerm_subnet.subnets",
            "module.vnet.azurerm_virtual_network.vnet"
          ]
        }
      ]
    },
    {
      "module": "module.postgresql",
      "mode": "managed",
      "type": "azurerm_postgresql_flexible_server_database",
      "name": "database",
      "provider": "provider[\"registry.terraform.io/hashicorp/azurerm\"]",
      "instances": [
        {
          "schema_version": 0,
          "attributes": {
            "charset": "UTF8",
            "collation": "en_US.utf8",
            "id": "/subscriptions/ecce6efe-e866-4fa6-9ff2-20f9bffc1f3f/resourceGroups/cc_rg/providers/Microsoft.DBforPostgreSQL/flexibleServers/cc-postgresql-xkyztsk9/databases/cc-database",
            "name": "cc-database",
            "server_id": "/subscriptions/ecce6efe-e866-4fa6-9ff2-20f9bffc1f3f/resourceGroups/cc_rg/providers/Microsoft.DBforPostgreSQL/flexibleServers/cc-postgresql-xkyztsk9",
            "timeouts": null
          },
          "sensitive_attributes": [],
          "private": "eyJlMmJmYjczMC1lY2FhLTExZTYtOGY4OC0zNDM2M2JjN2M0YzAiOnsiY3JlYXRlIjoxODAwMDAwMDAwMDAwLCJkZWxldGUiOjE4MDAwMDAwMDAwMDAsInJlYWQiOjMwMDAwMDAwMDAwMH19",
          "dependencies": [
            "module.postgresql.azurerm_postgresql_flexible_server.postgresql",
            "module.postgresql.azurerm_private_dns_zone.cpi_dns",
            "module.postgresql.random_string.random_name",
            "module.resource_group.azurerm_resource_group.resource_group",
            "module.vnet.azurerm_network_security_group.db_nsg",
            "module.vnet.azurerm_network_security_group.webapp_nsg",
            "module.vnet.azurerm_subnet.subnets",
            "module.vnet.azurerm_virtual_network.vnet"
          ]
        }
      ]
    },
    {
      "module": "module.postgresql",
      "mode": "managed",
      "type": "azurerm_postgresql_flexible_server_firewall_rule",
      "name": "allow_webapp",
      "provider": "provider[\"registry.terraform.io/hashicorp/azurerm\"]",
      "instances": [
        {
          "schema_version": 0,
          "attributes": {
            "end_ip_address": "10.0.2.255",
            "id": "/subscriptions/ecce6efe-e866-4fa6-9ff2-20f9bffc1f3f/resourceGroups/cc_rg/providers/Microsoft.DBforPostgreSQL/flexibleServers/cc-postgresql-xkyztsk9/firewallRules/Allowwebapp",
            "name": "Allowwebapp",
            "server_id": "/subscriptions/ecce6efe-e866-4fa6-9ff2-20f9bffc1f3f/resourceGroups/cc_rg/providers/Microsoft.DBforPostgreSQL/flexibleServers/cc-postgresql-xkyztsk9",
            "start_ip_address": "10.0.2.0",
            "timeouts": null
          },
          "sensitive_attributes": [],
          "private": "eyJlMmJmYjczMC1lY2FhLTExZTYtOGY4OC0zNDM2M2JjN2M0YzAiOnsiY3JlYXRlIjoxODAwMDAwMDAwMDAwLCJkZWxldGUiOjE4MDAwMDAwMDAwMDAsInJlYWQiOjMwMDAwMDAwMDAwMCwidXBkYXRlIjoxODAwMDAwMDAwMDAwfX0=",
          "dependencies": [
            "module.postgresql.azurerm_postgresql_flexible_server.postgresql",
            "module.postgresql.azurerm_private_dns_zone.cpi_dns",
            "module.postgresql.random_string.random_name",
            "module.resource_group.azurerm_resource_group.resource_group",
            "module.vnet.azurerm_network_security_group.db_nsg",
            "module.vnet.azurerm_network_security_group.webapp_nsg",
            "module.vnet.azurerm_subnet.subnets",
            "module.vnet.azurerm_virtual_network.vnet"
          ]
        }
      ]
    },
    {
      "module": "module.postgresql",
      "mode": "managed",
      "type": "azurerm_private_dns_zone",
      "name": "cpi_dns",
      "provider": "provider[\"registry.terraform.io/hashicorp/azurerm\"]",
      "instances": [
        {
          "schema_version": 0,
          "attributes": {
            "id": "/subscriptions/ecce6efe-e866-4fa6-9ff2-20f9bffc1f3f/resourceGroups/cc_rg/providers/Microsoft.Network/privateDnsZones/cloud-cpi-domain.postgres.database.azure.com",
            "max_number_of_record_sets": 25000,
            "max_number_of_virtual_network_links": 1000,
            "max_number_of_virtual_network_links_with_registration": 100,
            "name": "cloud-cpi-domain.postgres.database.azure.com",
            "number_of_record_sets": 1,
            "resource_group_name": "cc_rg",
            "soa_record": [
              {
                "email": "azureprivatedns-host.microsoft.com",
                "expire_time": 2419200,
                "fqdn": "cloud-cpi-domain.postgres.database.azure.com.",
                "host_name": "azureprivatedns.net",
                "minimum_ttl": 10,
                "refresh_time": 3600,
                "retry_time": 300,
                "serial_number": 1,
                "tags": {},
                "ttl": 3600
              }
            ],
            "tags": null,
            "timeouts": null
          },
          "sensitive_attributes": [],
          "private": "eyJlMmJmYjczMC1lY2FhLTExZTYtOGY4OC0zNDM2M2JjN2M0YzAiOnsiY3JlYXRlIjoxODAwMDAwMDAwMDAwLCJkZWxldGUiOjE4MDAwMDAwMDAwMDAsInJlYWQiOjMwMDAwMDAwMDAwMCwidXBkYXRlIjoxODAwMDAwMDAwMDAwfX0=",
          "dependencies": [
            "module.resource_group.azurerm_resource_group.resource_group",
            "module.vnet.azurerm_network_security_group.db_nsg",
            "module.vnet.azurerm_network_security_group.webapp_nsg",
            "module.vnet.azurerm_subnet.subnets",
            "module.vnet.azurerm_virtual_network.vnet"
          ]
        }
      ]
    },
    {
      "module": "module.postgresql",
      "mode": "managed",
      "type": "azurerm_private_dns_zone_virtual_network_link",
      "name": "dns_private_link",
      "provider": "provider[\"registry.terraform.io/hashicorp/azurerm\"]",
      "instances": [
        {
          "schema_version": 0,
          "attributes": {
            "id": "/subscriptions/ecce6efe-e866-4fa6-9ff2-20f9bffc1f3f/resourceGroups/cc_rg/providers/Microsoft.Network/privateDnsZones/cloud-cpi-domain.postgres.database.azure.com/virtualNetworkLinks/cpi_dns_link",
            "name": "cpi_dns_link",
            "private_dns_zone_name": "cloud-cpi-domain.postgres.database.azure.com",
            "registration_enabled": false,
            "resource_group_name": "cc_rg",
            "tags": null,
            "timeouts": null,
            "virtual_network_id": "/subscriptions/ecce6efe-e866-4fa6-9ff2-20f9bffc1f3f/resourceGroups/cc_rg/providers/Microsoft.Network/virtualNetworks/cc_vnet"
          },
          "sensitive_attributes": [],
          "private": "eyJlMmJmYjczMC1lY2FhLTExZTYtOGY4OC0zNDM2M2JjN2M0YzAiOnsiY3JlYXRlIjoxODAwMDAwMDAwMDAwLCJkZWxldGUiOjE4MDAwMDAwMDAwMDAsInJlYWQiOjMwMDAwMDAwMDAwMCwidXBkYXRlIjoxODAwMDAwMDAwMDAwfX0=",
          "dependencies": [
            "module.postgresql.azurerm_private_dns_zone.cpi_dns",
            "module.resource_group.azurerm_resource_group.resource_group",
            "module.vnet.azurerm_network_security_group.db_nsg",
            "module.vnet.azurerm_network_security_group.webapp_nsg",
            "module.vnet.azurerm_subnet.subnets",
            "module.vnet.azurerm_virtual_network.vnet"
          ]
        }
      ]
    },
    {
      "module": "module.postgresql",
      "mode": "managed",
      "type": "random_string",
      "name": "random_name",
      "provider": "provider[\"registry.terraform.io/hashicorp/random\"]",
      "instances": [
        {
          "schema_version": 2,
          "attributes": {
            "id": "xkyztsk9",
            "keepers": null,
            "length": 8,
            "lower": true,
            "min_lower": 0,
            "min_numeric": 0,
            "min_special": 0,
            "min_upper": 0,
            "number": true,
            "numeric": true,
            "override_special": null,
            "result": "xkyztsk9",
            "special": false,
            "upper": false
          },
          "sensitive_attributes": [],
          "dependencies": [
            "module.resource_group.azurerm_resource_group.resource_group",
            "module.vnet.azurerm_network_security_group.db_nsg",
            "module.vnet.azurerm_network_security_group.webapp_nsg",
            "module.vnet.azurerm_subnet.subnets",
            "module.vnet.azurerm_virtual_network.vnet"
          ]
        }
      ]
    },
    {
      "module": "module.resource_group",
      "mode": "managed",
      "type": "azurerm_resource_group",
      "name": "resource_group",
      "provider": "provider[\"registry.terraform.io/hashicorp/azurerm\"]",
      "instances": [
        {
          "schema_version": 0,
          "attributes": {
            "id": "/subscriptions/ecce6efe-e866-4fa6-9ff2-20f9bffc1f3f/resourceGroups/cc_rg",
            "location": "francecentral",
            "managed_by": "",
            "name": "cc_rg",
            "tags": null,
            "timeouts": null
          },
          "sensitive_attributes": [],
          "private": "eyJlMmJmYjczMC1lY2FhLTExZTYtOGY4OC0zNDM2M2JjN2M0YzAiOnsiY3JlYXRlIjo1NDAwMDAwMDAwMDAwLCJkZWxldGUiOjU0MDAwMDAwMDAwMDAsInJlYWQiOjMwMDAwMDAwMDAwMCwidXBkYXRlIjo1NDAwMDAwMDAwMDAwfX0="
        }
      ]
    },
    {
      "module": "module.vnet",
      "mode": "managed",
      "type": "azurerm_network_security_group",
      "name": "db_nsg",
      "provider": "provider[\"registry.terraform.io/hashicorp/azurerm\"]",
      "instances": [
        {
          "schema_version": 0,
          "attributes": {
            "id": "/subscriptions/ecce6efe-e866-4fa6-9ff2-20f9bffc1f3f/resourceGroups/cc_rg/providers/Microsoft.Network/networkSecurityGroups/db-nsg",
            "location": "francecentral",
            "name": "db-nsg",
            "resource_group_name": "cc_rg",
            "security_rule": [
              {
                "access": "Allow",
                "description": "",
                "destination_address_prefix": "10.0.1.0/24",
                "destination_address_prefixes": [],
                "destination_application_security_group_ids": [],
                "destination_port_range": "*",
                "destination_port_ranges": [],
                "direction": "Inbound",
                "name": "AllowAppSubnetTraffic",
                "priority": 100,
                "protocol": "*",
                "source_address_prefix": "10.0.2.0/24",
                "source_address_prefixes": [],
                "source_application_security_group_ids": [],
                "source_port_range": "*",
                "source_port_ranges": []
              }
            ],
            "tags": null,
            "timeouts": null
          },
          "sensitive_attributes": [],
          "private": "eyJlMmJmYjczMC1lY2FhLTExZTYtOGY4OC0zNDM2M2JjN2M0YzAiOnsiY3JlYXRlIjoxODAwMDAwMDAwMDAwLCJkZWxldGUiOjE4MDAwMDAwMDAwMDAsInJlYWQiOjMwMDAwMDAwMDAwMCwidXBkYXRlIjoxODAwMDAwMDAwMDAwfX0=",
          "dependencies": [
            "module.resource_group.azurerm_resource_group.resource_group"
          ]
        }
      ]
    },
    {
      "module": "module.vnet",
      "mode": "managed",
      "type": "azurerm_network_security_group",
      "name": "webapp_nsg",
      "provider": "provider[\"registry.terraform.io/hashicorp/azurerm\"]",
      "instances": [
        {
          "schema_version": 0,
          "attributes": {
            "id": "/subscriptions/ecce6efe-e866-4fa6-9ff2-20f9bffc1f3f/resourceGroups/cc_rg/providers/Microsoft.Network/networkSecurityGroups/webapp-nsg",
            "location": "francecentral",
            "name": "webapp-nsg",
            "resource_group_name": "cc_rg",
            "security_rule": [
              {
                "access": "Allow",
                "description": "",
                "destination_address_prefix": "10.0.2.0/24",
                "destination_address_prefixes": [],
                "destination_application_security_group_ids": [],
                "destination_port_range": "*",
                "destination_port_ranges": [],
                "direction": "Inbound",
                "name": "AllowDbSubnetTraffic",
                "priority": 100,
                "protocol": "*",
                "source_address_prefix": "10.0.1.0/24",
                "source_address_prefixes": [],
                "source_application_security_group_ids": [],
                "source_port_range": "*",
                "source_port_ranges": []
              }
            ],
            "tags": null,
            "timeouts": null
          },
          "sensitive_attributes": [],
          "private": "eyJlMmJmYjczMC1lY2FhLTExZTYtOGY4OC0zNDM2M2JjN2M0YzAiOnsiY3JlYXRlIjoxODAwMDAwMDAwMDAwLCJkZWxldGUiOjE4MDAwMDAwMDAwMDAsInJlYWQiOjMwMDAwMDAwMDAwMCwidXBkYXRlIjoxODAwMDAwMDAwMDAwfX0=",
          "dependencies": [
            "module.resource_group.azurerm_resource_group.resource_group"
          ]
        }
      ]
    },
    {
      "module": "module.vnet",
      "mode": "managed",
      "type": "azurerm_subnet",
      "name": "subnets",
      "provider": "provider[\"registry.terraform.io/hashicorp/azurerm\"]",
      "instances": [
        {
          "index_key": "blob_subnet",
          "schema_version": 0,
          "attributes": {
            "address_prefixes": [
              "10.0.3.0/24"
            ],
            "default_outbound_access_enabled": true,
            "delegation": [],
            "id": "/subscriptions/ecce6efe-e866-4fa6-9ff2-20f9bffc1f3f/resourceGroups/cc_rg/providers/Microsoft.Network/virtualNetworks/cc_vnet/subnets/blob_subnet",
            "name": "blob_subnet",
            "private_endpoint_network_policies": "Disabled",
            "private_link_service_network_policies_enabled": true,
            "resource_group_name": "cc_rg",
            "service_endpoint_policy_ids": null,
            "service_endpoints": [
              "Microsoft.Storage"
            ],
            "timeouts": null,
            "virtual_network_name": "cc_vnet"
          },
          "sensitive_attributes": [],
          "private": "eyJlMmJmYjczMC1lY2FhLTExZTYtOGY4OC0zNDM2M2JjN2M0YzAiOnsiY3JlYXRlIjoxODAwMDAwMDAwMDAwLCJkZWxldGUiOjE4MDAwMDAwMDAwMDAsInJlYWQiOjMwMDAwMDAwMDAwMCwidXBkYXRlIjoxODAwMDAwMDAwMDAwfX0=",
          "dependencies": [
            "module.resource_group.azurerm_resource_group.resource_group",
            "module.vnet.azurerm_virtual_network.vnet"
          ]
        },
        {
          "index_key": "gateway_subnet",
          "schema_version": 0,
          "attributes": {
            "address_prefixes": [
              "10.0.4.0/24"
            ],
            "default_outbound_access_enabled": true,
            "delegation": [],
            "id": "/subscriptions/ecce6efe-e866-4fa6-9ff2-20f9bffc1f3f/resourceGroups/cc_rg/providers/Microsoft.Network/virtualNetworks/cc_vnet/subnets/gateway_subnet",
            "name": "gateway_subnet",
            "private_endpoint_network_policies": "Disabled",
            "private_link_service_network_policies_enabled": true,
            "resource_group_name": "cc_rg",
            "service_endpoint_policy_ids": null,
            "service_endpoints": null,
            "timeouts": null,
            "virtual_network_name": "cc_vnet"
          },
          "sensitive_attributes": [],
          "private": "eyJlMmJmYjczMC1lY2FhLTExZTYtOGY4OC0zNDM2M2JjN2M0YzAiOnsiY3JlYXRlIjoxODAwMDAwMDAwMDAwLCJkZWxldGUiOjE4MDAwMDAwMDAwMDAsInJlYWQiOjMwMDAwMDAwMDAwMCwidXBkYXRlIjoxODAwMDAwMDAwMDAwfX0=",
          "dependencies": [
            "module.resource_group.azurerm_resource_group.resource_group",
            "module.vnet.azurerm_virtual_network.vnet"
          ]
        },
        {
          "index_key": "storage_subnet",
          "schema_version": 0,
          "attributes": {
            "address_prefixes": [
              "10.0.1.0/24"
            ],
            "default_outbound_access_enabled": true,
            "delegation": [
              {
                "name": "storage_delegation",
                "service_delegation": [
                  {
                    "actions": [
                      "Microsoft.Network/virtualNetworks/subnets/join/action"
                    ],
                    "name": "Microsoft.DBforPostgreSQL/flexibleServers"
                  }
                ]
              }
            ],
            "id": "/subscriptions/ecce6efe-e866-4fa6-9ff2-20f9bffc1f3f/resourceGroups/cc_rg/providers/Microsoft.Network/virtualNetworks/cc_vnet/subnets/storage_subnet",
            "name": "storage_subnet",
            "private_endpoint_network_policies": "Disabled",
            "private_link_service_network_policies_enabled": true,
            "resource_group_name": "cc_rg",
            "service_endpoint_policy_ids": null,
            "service_endpoints": null,
            "timeouts": null,
            "virtual_network_name": "cc_vnet"
          },
          "sensitive_attributes": [],
          "private": "eyJlMmJmYjczMC1lY2FhLTExZTYtOGY4OC0zNDM2M2JjN2M0YzAiOnsiY3JlYXRlIjoxODAwMDAwMDAwMDAwLCJkZWxldGUiOjE4MDAwMDAwMDAwMDAsInJlYWQiOjMwMDAwMDAwMDAwMCwidXBkYXRlIjoxODAwMDAwMDAwMDAwfX0=",
          "dependencies": [
            "module.resource_group.azurerm_resource_group.resource_group",
            "module.vnet.azurerm_virtual_network.vnet"
          ]
        },
        {
          "index_key": "web_app_subnet",
          "schema_version": 0,
          "attributes": {
            "address_prefixes": [
              "10.0.2.0/24"
            ],
            "default_outbound_access_enabled": true,
            "delegation": [
              {
                "name": "app_delegation",
                "service_delegation": [
                  {
                    "actions": [
                      "Microsoft.Network/virtualNetworks/subnets/action"
                    ],
                    "name": "Microsoft.Web/serverFarms"
                  }
                ]
              }
            ],
            "id": "/subscriptions/ecce6efe-e866-4fa6-9ff2-20f9bffc1f3f/resourceGroups/cc_rg/providers/Microsoft.Network/virtualNetworks/cc_vnet/subnets/web_app_subnet",
            "name": "web_app_subnet",
            "private_endpoint_network_policies": "Disabled",
            "private_link_service_network_policies_enabled": true,
            "resource_group_name": "cc_rg",
            "service_endpoint_policy_ids": null,
            "service_endpoints": null,
            "timeouts": null,
            "virtual_network_name": "cc_vnet"
          },
          "sensitive_attributes": [],
          "private": "eyJlMmJmYjczMC1lY2FhLTExZTYtOGY4OC0zNDM2M2JjN2M0YzAiOnsiY3JlYXRlIjoxODAwMDAwMDAwMDAwLCJkZWxldGUiOjE4MDAwMDAwMDAwMDAsInJlYWQiOjMwMDAwMDAwMDAwMCwidXBkYXRlIjoxODAwMDAwMDAwMDAwfX0=",
          "dependencies": [
            "module.resource_group.azurerm_resource_group.resource_group",
            "module.vnet.azurerm_virtual_network.vnet"
          ]
        }
      ]
    },
    {
      "module": "module.vnet",
      "mode": "managed",
      "type": "azurerm_virtual_network",
      "name": "vnet",
      "provider": "provider[\"registry.terraform.io/hashicorp/azurerm\"]",
      "instances": [
        {
          "schema_version": 0,
          "attributes": {
            "address_space": [
              "10.0.0.0/16"
            ],
            "bgp_community": "",
            "ddos_protection_plan": [],
            "dns_servers": [],
            "edge_zone": "",
            "encryption": [],
            "flow_timeout_in_minutes": 0,
            "guid": "8dda55e8-1d99-42d3-ac5f-1ec2af4be81d",
            "id": "/subscriptions/ecce6efe-e866-4fa6-9ff2-20f9bffc1f3f/resourceGroups/cc_rg/providers/Microsoft.Network/virtualNetworks/cc_vnet",
            "location": "francecentral",
            "name": "cc_vnet",
            "resource_group_name": "cc_rg",
            "subnet": [],
            "tags": null,
            "timeouts": null
          },
          "sensitive_attributes": [],
          "private": "eyJlMmJmYjczMC1lY2FhLTExZTYtOGY4OC0zNDM2M2JjN2M0YzAiOnsiY3JlYXRlIjoxODAwMDAwMDAwMDAwLCJkZWxldGUiOjE4MDAwMDAwMDAwMDAsInJlYWQiOjMwMDAwMDAwMDAwMCwidXBkYXRlIjoxODAwMDAwMDAwMDAwfX0=",
          "dependencies": [
            "module.resource_group.azurerm_resource_group.resource_group"
          ]
        }
      ]
    }
  ],
  "check_results": null
}
